// !$*UTF8*$!
{
	archiveVersion = 1;
	classes = {
	};
	objectVersion = 56;
	objects = {

/* Begin PBXBuildFile section */
		000000000000000000001201 /* FamilyMemoriesApp.swift in Sources */ = {isa = PBXBuildFile; fileRef = 000000000000000000001101 /* FamilyMemoriesApp.swift */; };
		000000000000000000001202 /* AppRootView.swift in Sources */ = {isa = PBXBuildFile; fileRef = 000000000000000000001102 /* AppRootView.swift */; };
		000000000000000000001203 /* FamilyMemoriesTests.swift in Sources */ = {isa = PBXBuildFile; fileRef = 000000000000000000001103 /* FamilyMemoriesTests.swift */; };
		000000000000000000001204 /* FamilyMemoriesUITests.swift in Sources */ = {isa = PBXBuildFile; fileRef = 000000000000000000001104 /* FamilyMemoriesUITests.swift */; };
		000000000000000000001205 /* DomainTests.swift in Sources */ = {isa = PBXBuildFile; fileRef = 000000000000000000001105 /* DomainTests.swift */; };
		000000000000000000001206 /* FamilyMemory.swift in Sources */ = {isa = PBXBuildFile; fileRef = 000000000000000000001106 /* FamilyMemory.swift */; };
		000000000000000000001207 /* MemoryDraft.swift in Sources */ = {isa = PBXBuildFile; fileRef = 000000000000000000001107 /* MemoryDraft.swift */; };
		000000000000000000001208 /* PeopleTagNormalizer.swift in Sources */ = {isa = PBXBuildFile; fileRef = 000000000000000000001108 /* PeopleTagNormalizer.swift */; };
		000000000000000000001209 /* TimelineGrouping.swift in Sources */ = {isa = PBXBuildFile; fileRef = 000000000000000000001109 /* TimelineGrouping.swift */; };
		000000000000000000001210 /* MemoryFileStore.swift in Sources */ = {isa = PBXBuildFile; fileRef = 000000000000000000001110 /* MemoryFileStore.swift */; };
		000000000000000000001211 /* MemoryFileStoreTests.swift in Sources */ = {isa = PBXBuildFile; fileRef = 000000000000000000001111 /* MemoryFileStoreTests.swift */; };
/* End PBXBuildFile section */

/* Begin PBXContainerItemProxy section */
		000000000000000000002202 /* PBXContainerItemProxy */ = {
			isa = PBXContainerItemProxy;
			containerPortal = 000000000000000000000001 /* Project object */;
			proxyType = 1;
			remoteGlobalIDString = 000000000000000000002001;
			remoteInfo = FamilyMemories;
		};
		000000000000000000002203 /* PBXContainerItemProxy */ = {
			isa = PBXContainerItemProxy;
			containerPortal = 000000000000000000000001 /* Project object */;
			proxyType = 1;
			remoteGlobalIDString = 000000000000000000002001;
			remoteInfo = FamilyMemories;
		};
/* End PBXContainerItemProxy section */

/* Begin PBXFileReference section */
		000000000000000000001001 /* FamilyMemories.app */ = {isa = PBXFileReference; explicitFileType = wrapper.application; includeInIndex = 0; path = FamilyMemories.app; sourceTree = BUILT_PRODUCTS_DIR; };
		000000000000000000001002 /* FamilyMemoriesTests.xctest */ = {isa = PBXFileReference; explicitFileType = wrapper.cfbundle; includeInIndex = 0; path = FamilyMemoriesTests.xctest; sourceTree = BUILT_PRODUCTS_DIR; };
		000000000000000000001003 /* FamilyMemoriesUITests.xctest */ = {isa = PBXFileReference; explicitFileType = wrapper.cfbundle; includeInIndex = 0; path = FamilyMemoriesUITests.xctest; sourceTree = BUILT_PRODUCTS_DIR; };
		000000000000000000001101 /* FamilyMemoriesApp.swift */ = {isa = PBXFileReference; lastKnownFileType = sourcecode.swift; path = FamilyMemoriesApp.swift; sourceTree = "<group>"; };
		000000000000000000001102 /* AppRootView.swift */ = {isa = PBXFileReference; lastKnownFileType = sourcecode.swift; path = AppRootView.swift; sourceTree = "<group>"; };
		000000000000000000001103 /* FamilyMemoriesTests.swift */ = {isa = PBXFileReference; lastKnownFileType = sourcecode.swift; path = FamilyMemoriesTests.swift; sourceTree = "<group>"; };
		000000000000000000001104 /* FamilyMemoriesUITests.swift */ = {isa = PBXFileReference; lastKnownFileType = sourcecode.swift; path = FamilyMemoriesUITests.swift; sourceTree = "<group>"; };
		000000000000000000001105 /* DomainTests.swift */ = {isa = PBXFileReference; lastKnownFileType = sourcecode.swift; path = DomainTests.swift; sourceTree = "<group>"; };
		000000000000000000001106 /* FamilyMemory.swift */ = {isa = PBXFileReference; lastKnownFileType = sourcecode.swift; path = FamilyMemory.swift; sourceTree = "<group>"; };
		000000000000000000001107 /* MemoryDraft.swift */ = {isa = PBXFileReference; lastKnownFileType = sourcecode.swift; path = MemoryDraft.swift; sourceTree = "<group>"; };
		000000000000000000001108 /* PeopleTagNormalizer.swift */ = {isa = PBXFileReference; lastKnownFileType = sourcecode.swift; path = PeopleTagNormalizer.swift; sourceTree = "<group>"; };
		000000000000000000001109 /* TimelineGrouping.swift */ = {isa = PBXFileReference; lastKnownFileType = sourcecode.swift; path = TimelineGrouping.swift; sourceTree = "<group>"; };
		000000000000000000001110 /* MemoryFileStore.swift */ = {isa = PBXFileReference; lastKnownFileType = sourcecode.swift; path = MemoryFileStore.swift; sourceTree = "<group>"; };
		000000000000000000001111 /* MemoryFileStoreTests.swift */ = {isa = PBXFileReference; lastKnownFileType = sourcecode.swift; path = MemoryFileStoreTests.swift; sourceTree = "<group>"; };
/* End PBXFileReference section */

/* Begin PBXFrameworksBuildPhase section */
		000000000000000000001401 /* Frameworks */ = {
			isa = PBXFrameworksBuildPhase;
			buildActionMask = 2147483647;
			files = (
			);
			runOnlyForDeploymentPostprocessing = 0;
		};
		000000000000000000001402 /* Frameworks */ = {
			isa = PBXFrameworksBuildPhase;
			buildActionMask = 2147483647;
			files = (
			);
			runOnlyForDeploymentPostprocessing = 0;
		};
		000000000000000000001403 /* Frameworks */ = {
			isa = PBXFrameworksBuildPhase;
			buildActionMask = 2147483647;
			files = (
			);
			runOnlyForDeploymentPostprocessing = 0;
		};
/* End PBXFrameworksBuildPhase section */

/* Begin PBXGroup section */
		000000000000000000000010 = {
			isa = PBXGroup;
			children = (
				000000000000000000000012 /* FamilyMemories */,
				000000000000000000000014 /* FamilyMemoriesTests */,
				000000000000000000000015 /* FamilyMemoriesUITests */,
				000000000000000000000011 /* Products */,
			);
			sourceTree = "<group>";
		};
		000000000000000000000011 /* Products */ = {
			isa = PBXGroup;
			children = (
				000000000000000000001001 /* FamilyMemories.app */,
				000000000000000000001002 /* FamilyMemoriesTests.xctest */,
				000000000000000000001003 /* FamilyMemoriesUITests.xctest */,
			);
			name = Products;
			sourceTree = "<group>";
		};
		000000000000000000000012 /* FamilyMemories */ = {
			isa = PBXGroup;
			children = (
				000000000000000000001101 /* FamilyMemoriesApp.swift */,
				000000000000000000000013 /* App */,
				000000000000000000000016 /* Domain */,
				000000000000000000000017 /* Storage */,
			);
			path = FamilyMemories;
			sourceTree = "<group>";
		};
		000000000000000000000013 /* App */ = {
			isa = PBXGroup;
			children = (
				000000000000000000001102 /* AppRootView.swift */,
			);
			path = App;
			sourceTree = "<group>";
		};
		000000000000000000000016 /* Domain */ = {
			isa = PBXGroup;
			children = (
				000000000000000000001106 /* FamilyMemory.swift */,
				000000000000000000001107 /* MemoryDraft.swift */,
				000000000000000000001108 /* PeopleTagNormalizer.swift */,
				000000000000000000001109 /* TimelineGrouping.swift */,
			);
			path = Domain;
			sourceTree = "<group>";
		};
		000000000000000000000017 /* Storage */ = {
			isa = PBXGroup;
			children = (
				000000000000000000001110 /* MemoryFileStore.swift */,
			);
			path = Storage;
			sourceTree = "<group>";
		};
		000000000000000000000014 /* FamilyMemoriesTests */ = {
			isa = PBXGroup;
			children = (
				000000000000000000001103 /* FamilyMemoriesTests.swift */,
				000000000000000000001105 /* DomainTests.swift */,
				000000000000000000001111 /* MemoryFileStoreTests.swift */,
			);
			path = FamilyMemoriesTests;
			sourceTree = "<group>";
		};
		000000000000000000000015 /* FamilyMemoriesUITests */ = {
			isa = PBXGroup;
			children = (
				000000000000000000001104 /* FamilyMemoriesUITests.swift */,
			);
			path = FamilyMemoriesUITests;
			sourceTree = "<group>";
		};
/* End PBXGroup section */

/* Begin PBXNativeTarget section */
		000000000000000000002001 /* FamilyMemories */ = {
			isa = PBXNativeTarget;
			buildConfigurationList = 000000000000000000003001 /* Build configuration list for PBXNativeTarget "FamilyMemories" */;
			buildPhases = (
				000000000000000000001301 /* Sources */,
				000000000000000000001401 /* Frameworks */,
				000000000000000000001501 /* Resources */,
			);
			buildRules = (
			);
			dependencies = (
			);
			name = FamilyMemories;
			productName = FamilyMemories;
			productReference = 000000000000000000001001 /* FamilyMemories.app */;
			productType = "com.apple.product-type.application";
		};
		000000000000000000002002 /* FamilyMemoriesTests */ = {
			isa = PBXNativeTarget;
			buildConfigurationList = 000000000000000000003002 /* Build configuration list for PBXNativeTarget "FamilyMemoriesTests" */;
			buildPhases = (
				000000000000000000001302 /* Sources */,
				000000000000000000001402 /* Frameworks */,
				000000000000000000001502 /* Resources */,
			);
			buildRules = (
			);
			dependencies = (
				000000000000000000002102 /* PBXTargetDependency */,
			);
			name = FamilyMemoriesTests;
			productName = FamilyMemoriesTests;
			productReference = 000000000000000000001002 /* FamilyMemoriesTests.xctest */;
			productType = "com.apple.product-type.bundle.unit-test";
		};
		000000000000000000002003 /* FamilyMemoriesUITests */ = {
			isa = PBXNativeTarget;
			buildConfigurationList = 000000000000000000003003 /* Build configuration list for PBXNativeTarget "FamilyMemoriesUITests" */;
			buildPhases = (
				000000000000000000001303 /* Sources */,
				000000000000000000001403 /* Frameworks */,
				000000000000000000001503 /* Resources */,
			);
			buildRules = (
			);
			dependencies = (
				000000000000000000002103 /* PBXTargetDependency */,
			);
			name = FamilyMemoriesUITests;
			productName = FamilyMemoriesUITests;
			productReference = 000000000000000000001003 /* FamilyMemoriesUITests.xctest */;
			productType = "com.apple.product-type.bundle.ui-testing";
		};
/* End PBXNativeTarget section */

/* Begin PBXProject section */
		000000000000000000000001 /* Project object */ = {
			isa = PBXProject;
			attributes = {
				BuildIndependentTargetsInParallel = 1;
				LastSwiftUpdateCheck = 2650;
				LastUpgradeCheck = 2650;
				TargetAttributes = {
					000000000000000000002001 = {
						CreatedOnToolsVersion = 26.5;
					};
					000000000000000000002002 = {
						CreatedOnToolsVersion = 26.5;
						TestTargetID = 000000000000000000002001;
					};
					000000000000000000002003 = {
						CreatedOnToolsVersion = 26.5;
						TestTargetID = 000000000000000000002001;
					};
				};
			};
			buildConfigurationList = 000000000000000000003000 /* Build configuration list for PBXProject "FamilyMemories" */;
			compatibilityVersion = "Xcode 15.0";
			developmentRegion = en;
			hasScannedForEncodings = 0;
			knownRegions = (
				en,
				Base,
			);
			mainGroup = 000000000000000000000010;
			productRefGroup = 000000000000000000000011 /* Products */;
			projectDirPath = "";
			projectRoot = "";
			targets = (
				000000000000000000002001 /* FamilyMemories */,
				000000000000000000002002 /* FamilyMemoriesTests */,
				000000000000000000002003 /* FamilyMemoriesUITests */,
			);
		};
/* End PBXProject section */

/* Begin PBXResourcesBuildPhase section */
		000000000000000000001501 /* Resources */ = {
			isa = PBXResourcesBuildPhase;
			buildActionMask = 2147483647;
			files = (
			);
			runOnlyForDeploymentPostprocessing = 0;
		};
		000000000000000000001502 /* Resources */ = {
			isa = PBXResourcesBuildPhase;
			buildActionMask = 2147483647;
			files = (
			);
			runOnlyForDeploymentPostprocessing = 0;
		};
		000000000000000000001503 /* Resources */ = {
			isa = PBXResourcesBuildPhase;
			buildActionMask = 2147483647;
			files = (
			);
			runOnlyForDeploymentPostprocessing = 0;
		};
/* End PBXResourcesBuildPhase section */

/* Begin PBXSourcesBuildPhase section */
		000000000000000000001301 /* Sources */ = {
			isa = PBXSourcesBuildPhase;
			buildActionMask = 2147483647;
			files = (
				000000000000000000001201 /* FamilyMemoriesApp.swift in Sources */,
				000000000000000000001202 /* AppRootView.swift in Sources */,
				000000000000000000001206 /* FamilyMemory.swift in Sources */,
				000000000000000000001207 /* MemoryDraft.swift in Sources */,
				000000000000000000001208 /* PeopleTagNormalizer.swift in Sources */,
				000000000000000000001209 /* TimelineGrouping.swift in Sources */,
				000000000000000000001210 /* MemoryFileStore.swift in Sources */,
			);
			runOnlyForDeploymentPostprocessing = 0;
		};
		000000000000000000001302 /* Sources */ = {
			isa = PBXSourcesBuildPhase;
			buildActionMask = 2147483647;
			files = (
				000000000000000000001203 /* FamilyMemoriesTests.swift in Sources */,
				000000000000000000001205 /* DomainTests.swift in Sources */,
				000000000000000000001211 /* MemoryFileStoreTests.swift in Sources */,
			);
			runOnlyForDeploymentPostprocessing = 0;
		};
		000000000000000000001303 /* Sources */ = {
			isa = PBXSourcesBuildPhase;
			buildActionMask = 2147483647;
			files = (
				000000000000000000001204 /* FamilyMemoriesUITests.swift in Sources */,
			);
			runOnlyForDeploymentPostprocessing = 0;
		};
/* End PBXSourcesBuildPhase section */

/* Begin PBXTargetDependency section */
		000000000000000000002102 /* PBXTargetDependency */ = {
			isa = PBXTargetDependency;
			target = 000000000000000000002001 /* FamilyMemories */;
			targetProxy = 000000000000000000002202 /* PBXContainerItemProxy */;
		};
		000000000000000000002103 /* PBXTargetDependency */ = {
			isa = PBXTargetDependency;
			target = 000000000000000000002001 /* FamilyMemories */;
			targetProxy = 000000000000000000002203 /* PBXContainerItemProxy */;
		};
/* End PBXTargetDependency section */

/* Begin XCBuildConfiguration section */
		000000000000000000003101 /* Debug */ = {
			isa = XCBuildConfiguration;
			buildSettings = {
				ALWAYS_SEARCH_USER_PATHS = NO;
				CLANG_ANALYZER_NONNULL = YES;
				CLANG_ANALYZER_NUMBER_OBJECT_CONVERSION = YES_AGGRESSIVE;
				CLANG_CXX_LANGUAGE_STANDARD = "gnu++20";
				CLANG_ENABLE_MODULES = YES;
				CLANG_ENABLE_OBJC_ARC = YES;
				CLANG_ENABLE_OBJC_WEAK = YES;
				CLANG_WARN_BLOCK_CAPTURE_AUTORELEASING = YES;
				CLANG_WARN_BOOL_CONVERSION = YES;
				CLANG_WARN_COMMA = YES;
				CLANG_WARN_CONSTANT_CONVERSION = YES;
				CLANG_WARN_DEPRECATED_OBJC_IMPLEMENTATIONS = YES;
				CLANG_WARN_DIRECT_OBJC_ISA_USAGE = YES_ERROR;
				CLANG_WARN_DOCUMENTATION_COMMENTS = YES;
				CLANG_WARN_EMPTY_BODY = YES;
				CLANG_WARN_ENUM_CONVERSION = YES;
				CLANG_WARN_INFINITE_RECURSION = YES;
				CLANG_WARN_INT_CONVERSION = YES;
				CLANG_WARN_NON_LITERAL_NULL_CONVERSION = YES;
				CLANG_WARN_OBJC_IMPLICIT_RETAIN_SELF = YES;
				CLANG_WARN_OBJC_LITERAL_CONVERSION = YES;
				CLANG_WARN_OBJC_ROOT_CLASS = YES_ERROR;
				CLANG_WARN_QUOTED_INCLUDE_IN_FRAMEWORK_HEADER = YES;
				CLANG_WARN_RANGE_LOOP_ANALYSIS = YES;
				CLANG_WARN_STRICT_PROTOTYPES = YES;
				CLANG_WARN_SUSPICIOUS_MOVE = YES;
				CLANG_WARN_UNGUARDED_AVAILABILITY = YES_AGGRESSIVE;
				CLANG_WARN_UNREACHABLE_CODE = YES;
				CLANG_WARN__DUPLICATE_METHOD_MATCH = YES;
				COPY_PHASE_STRIP = NO;
				DEBUG_INFORMATION_FORMAT = dwarf;
				ENABLE_STRICT_OBJC_MSGSEND = YES;
				ENABLE_TESTABILITY = YES;
				ENABLE_USER_SCRIPT_SANDBOXING = YES;
				GCC_C_LANGUAGE_STANDARD = gnu17;
				GCC_DYNAMIC_NO_PIC = NO;
				GCC_NO_COMMON_BLOCKS = YES;
				GCC_OPTIMIZATION_LEVEL = 0;
				GCC_PREPROCESSOR_DEFINITIONS = (
					"DEBUG=1",
					"$(inherited)",
				);
				GCC_WARN_64_TO_32_BIT_CONVERSION = YES;
				GCC_WARN_ABOUT_RETURN_TYPE = YES_ERROR;
				GCC_WARN_UNDECLARED_SELECTOR = YES;
				GCC_WARN_UNINITIALIZED_AUTOS = YES_AGGRESSIVE;
				GCC_WARN_UNUSED_FUNCTION = YES;
				GCC_WARN_UNUSED_VARIABLE = YES;
				IPHONEOS_DEPLOYMENT_TARGET = 17.0;
				LOCALIZATION_PREFERS_STRING_CATALOGS = YES;
				MTL_ENABLE_DEBUG_INFO = INCLUDE_SOURCE;
				MTL_FAST_MATH = YES;
				ONLY_ACTIVE_ARCH = YES;
				SDKROOT = iphoneos;
				SWIFT_ACTIVE_COMPILATION_CONDITIONS = DEBUG;
				SWIFT_OPTIMIZATION_LEVEL = "-Onone";
			};
			name = Debug;
		};
		000000000000000000003102 /* Release */ = {
			isa = XCBuildConfiguration;
			buildSettings = {
				ALWAYS_SEARCH_USER_PATHS = NO;
				CLANG_ANALYZER_NONNULL = YES;
				CLANG_ANALYZER_NUMBER_OBJECT_CONVERSION = YES_AGGRESSIVE;
				CLANG_CXX_LANGUAGE_STANDARD = "gnu++20";
				CLANG_ENABLE_MODULES = YES;
				CLANG_ENABLE_OBJC_ARC = YES;
				CLANG_ENABLE_OBJC_WEAK = YES;
				CLANG_WARN_BLOCK_CAPTURE_AUTORELEASING = YES;
				CLANG_WARN_BOOL_CONVERSION = YES;
				CLANG_WARN_COMMA = YES;
				CLANG_WARN_CONSTANT_CONVERSION = YES;
				CLANG_WARN_DEPRECATED_OBJC_IMPLEMENTATIONS = YES;
				CLANG_WARN_DIRECT_OBJC_ISA_USAGE = YES_ERROR;
				CLANG_WARN_DOCUMENTATION_COMMENTS = YES;
				CLANG_WARN_EMPTY_BODY = YES;
				CLANG_WARN_ENUM_CONVERSION = YES;
				CLANG_WARN_INFINITE_RECURSION = YES;
				CLANG_WARN_INT_CONVERSION = YES;
				CLANG_WARN_NON_LITERAL_NULL_CONVERSION = YES;
				CLANG_WARN_OBJC_IMPLICIT_RETAIN_SELF = YES;
				CLANG_WARN_OBJC_LITERAL_CONVERSION = YES;
				CLANG_WARN_OBJC_ROOT_CLASS = YES_ERROR;
				CLANG_WARN_QUOTED_INCLUDE_IN_FRAMEWORK_HEADER = YES;
				CLANG_WARN_RANGE_LOOP_ANALYSIS = YES;
				CLANG_WARN_STRICT_PROTOTYPES = YES;
				CLANG_WARN_SUSPICIOUS_MOVE = YES;
				CLANG_WARN_UNGUARDED_AVAILABILITY = YES_AGGRESSIVE;
				CLANG_WARN_UNREACHABLE_CODE = YES;
				CLANG_WARN__DUPLICATE_METHOD_MATCH = YES;
				COPY_PHASE_STRIP = NO;
				DEBUG_INFORMATION_FORMAT = "dwarf-with-dsym";
				ENABLE_NS_ASSERTIONS = NO;
				ENABLE_STRICT_OBJC_MSGSEND = YES;
				ENABLE_USER_SCRIPT_SANDBOXING = YES;
				GCC_C_LANGUAGE_STANDARD = gnu17;
				GCC_NO_COMMON_BLOCKS = YES;
				GCC_WARN_64_TO_32_BIT_CONVERSION = YES;
				GCC_WARN_ABOUT_RETURN_TYPE = YES_ERROR;
				GCC_WARN_UNDECLARED_SELECTOR = YES;
				GCC_WARN_UNINITIALIZED_AUTOS = YES_AGGRESSIVE;
				GCC_WARN_UNUSED_FUNCTION = YES;
				GCC_WARN_UNUSED_VARIABLE = YES;
				IPHONEOS_DEPLOYMENT_TARGET = 17.0;
				LOCALIZATION_PREFERS_STRING_CATALOGS = YES;
				MTL_ENABLE_DEBUG_INFO = NO;
				MTL_FAST_MATH = YES;
				SDKROOT = iphoneos;
				SWIFT_COMPILATION_MODE = wholemodule;
				VALIDATE_PRODUCT = YES;
			};
			name = Release;
		};
		000000000000000000003103 /* Debug */ = {
			isa = XCBuildConfiguration;
			buildSettings = {
				CODE_SIGN_STYLE = Automatic;
				CODE_SIGNING_ALLOWED = NO;
				CURRENT_PROJECT_VERSION = 1;
				DEFINES_MODULE = YES;
				ENABLE_PREVIEWS = YES;
				GENERATE_INFOPLIST_FILE = YES;
				INFOPLIST_KEY_CFBundleDisplayName = "Family Memories";
				INFOPLIST_KEY_LSApplicationCategoryType = "public.app-category.lifestyle";
				INFOPLIST_KEY_UIApplicationSceneManifest_Generation = YES;
				INFOPLIST_KEY_UILaunchScreen_Generation = YES;
				INFOPLIST_KEY_UISupportedInterfaceOrientations_iPad = "UIInterfaceOrientationPortrait UIInterfaceOrientationPortraitUpsideDown UIInterfaceOrientationLandscapeLeft UIInterfaceOrientationLandscapeRight";
				INFOPLIST_KEY_UISupportedInterfaceOrientations_iPhone = "UIInterfaceOrientationPortrait UIInterfaceOrientationLandscapeLeft UIInterfaceOrientationLandscapeRight";
				IPHONEOS_DEPLOYMENT_TARGET = 17.0;
				LD_RUNPATH_SEARCH_PATHS = (
					"$(inherited)",
					"@executable_path/Frameworks",
				);
				MARKETING_VERSION = 0.1.0;
				PRODUCT_BUNDLE_IDENTIFIER = com.ksharpr.FamilyMemories;
				PRODUCT_NAME = "$(TARGET_NAME)";
				SUPPORTED_PLATFORMS = "iphoneos iphonesimulator";
				SUPPORTS_MACCATALYST = NO;
				SUPPORTS_MAC_DESIGNED_FOR_IPHONE_IPAD = NO;
				SWIFT_EMIT_LOC_STRINGS = YES;
				SWIFT_VERSION = 5.0;
				TARGETED_DEVICE_FAMILY = "1,2";
			};
			name = Debug;
		};
		000000000000000000003104 /* Release */ = {
			isa = XCBuildConfiguration;
			buildSettings = {
				CODE_SIGN_STYLE = Automatic;
				CODE_SIGNING_ALLOWED = NO;
				CURRENT_PROJECT_VERSION = 1;
				DEFINES_MODULE = YES;
				ENABLE_PREVIEWS = YES;
				GENERATE_INFOPLIST_FILE = YES;
				INFOPLIST_KEY_CFBundleDisplayName = "Family Memories";
				INFOPLIST_KEY_LSApplicationCategoryType = "public.app-category.lifestyle";
				INFOPLIST_KEY_UIApplicationSceneManifest_Generation = YES;
				INFOPLIST_KEY_UILaunchScreen_Generation = YES;
				INFOPLIST_KEY_UISupportedInterfaceOrientations_iPad = "UIInterfaceOrientationPortrait UIInterfaceOrientationPortraitUpsideDown UIInterfaceOrientationLandscapeLeft UIInterfaceOrientationLandscapeRight";
				INFOPLIST_KEY_UISupportedInterfaceOrientations_iPhone = "UIInterfaceOrientationPortrait UIInterfaceOrientationLandscapeLeft UIInterfaceOrientationLandscapeRight";
				IPHONEOS_DEPLOYMENT_TARGET = 17.0;
				LD_RUNPATH_SEARCH_PATHS = (
					"$(inherited)",
					"@executable_path/Frameworks",
				);
				MARKETING_VERSION = 0.1.0;
				PRODUCT_BUNDLE_IDENTIFIER = com.ksharpr.FamilyMemories;
				PRODUCT_NAME = "$(TARGET_NAME)";
				SUPPORTED_PLATFORMS = "iphoneos iphonesimulator";
				SUPPORTS_MACCATALYST = NO;
				SUPPORTS_MAC_DESIGNED_FOR_IPHONE_IPAD = NO;
				SWIFT_EMIT_LOC_STRINGS = YES;
				SWIFT_VERSION = 5.0;
				TARGETED_DEVICE_FAMILY = "1,2";
			};
			name = Release;
		};
		000000000000000000003105 /* Debug */ = {
			isa = XCBuildConfiguration;
			buildSettings = {
				BUNDLE_LOADER = "$(TEST_HOST)";
				CODE_SIGN_STYLE = Automatic;
				CODE_SIGNING_ALLOWED = NO;
				CURRENT_PROJECT_VERSION = 1;
				GENERATE_INFOPLIST_FILE = YES;
				IPHONEOS_DEPLOYMENT_TARGET = 17.0;
				LD_RUNPATH_SEARCH_PATHS = (
					"$(inherited)",
					"@executable_path/Frameworks",
					"@loader_path/Frameworks",
				);
				MARKETING_VERSION = 0.1.0;
				PRODUCT_BUNDLE_IDENTIFIER = com.ksharpr.FamilyMemoriesTests;
				PRODUCT_NAME = "$(TARGET_NAME)";
				SUPPORTED_PLATFORMS = "iphonesimulator iphoneos";
				SWIFT_EMIT_LOC_STRINGS = NO;
				SWIFT_VERSION = 5.0;
				TARGETED_DEVICE_FAMILY = "1,2";
				TEST_HOST = "$(BUILT_PRODUCTS_DIR)/FamilyMemories.app/$(BUNDLE_EXECUTABLE_FOLDER_PATH)/FamilyMemories";
				WRAPPER_EXTENSION = xctest;
			};
			name = Debug;
		};
		000000000000000000003106 /* Release */ = {
			isa = XCBuildConfiguration;
			buildSettings = {
				BUNDLE_LOADER = "$(TEST_HOST)";
				CODE_SIGN_STYLE = Automatic;
				CODE_SIGNING_ALLOWED = NO;
				CURRENT_PROJECT_VERSION = 1;
				GENERATE_INFOPLIST_FILE = YES;
				IPHONEOS_DEPLOYMENT_TARGET = 17.0;
				LD_RUNPATH_SEARCH_PATHS = (
					"$(inherited)",
					"@executable_path/Frameworks",
					"@loader_path/Frameworks",
				);
				MARKETING_VERSION = 0.1.0;
				PRODUCT_BUNDLE_IDENTIFIER = com.ksharpr.FamilyMemoriesTests;
				PRODUCT_NAME = "$(TARGET_NAME)";
				SUPPORTED_PLATFORMS = "iphonesimulator iphoneos";
				SWIFT_EMIT_LOC_STRINGS = NO;
				SWIFT_VERSION = 5.0;
				TARGETED_DEVICE_FAMILY = "1,2";
				TEST_HOST = "$(BUILT_PRODUCTS_DIR)/FamilyMemories.app/$(BUNDLE_EXECUTABLE_FOLDER_PATH)/FamilyMemories";
				WRAPPER_EXTENSION = xctest;
			};
			name = Release;
		};
		000000000000000000003107 /* Debug */ = {
			isa = XCBuildConfiguration;
			buildSettings = {
				CODE_SIGN_STYLE = Automatic;
				CODE_SIGNING_ALLOWED = NO;
				CURRENT_PROJECT_VERSION = 1;
				GENERATE_INFOPLIST_FILE = YES;
				IPHONEOS_DEPLOYMENT_TARGET = 17.0;
				LD_RUNPATH_SEARCH_PATHS = (
					"$(inherited)",
					"@executable_path/Frameworks",
					"@loader_path/Frameworks",
				);
				MARKETING_VERSION = 0.1.0;
				PRODUCT_BUNDLE_IDENTIFIER = com.ksharpr.FamilyMemoriesUITests;
				PRODUCT_NAME = "$(TARGET_NAME)";
				SUPPORTED_PLATFORMS = "iphonesimulator iphoneos";
				SWIFT_EMIT_LOC_STRINGS = NO;
				SWIFT_VERSION = 5.0;
				TARGETED_DEVICE_FAMILY = "1,2";
				TEST_TARGET_NAME = FamilyMemories;
				WRAPPER_EXTENSION = xctest;
			};
			name = Debug;
		};
		000000000000000000003108 /* Release */ = {
			isa = XCBuildConfiguration;
			buildSettings = {
				CODE_SIGN_STYLE = Automatic;
				CODE_SIGNING_ALLOWED = NO;
				CURRENT_PROJECT_VERSION = 1;
				GENERATE_INFOPLIST_FILE = YES;
				IPHONEOS_DEPLOYMENT_TARGET = 17.0;
				LD_RUNPATH_SEARCH_PATHS = (
					"$(inherited)",
					"@executable_path/Frameworks",
					"@loader_path/Frameworks",
				);
				MARKETING_VERSION = 0.1.0;
				PRODUCT_BUNDLE_IDENTIFIER = com.ksharpr.FamilyMemoriesUITests;
				PRODUCT_NAME = "$(TARGET_NAME)";
				SUPPORTED_PLATFORMS = "iphonesimulator iphoneos";
				SWIFT_EMIT_LOC_STRINGS = NO;
				SWIFT_VERSION = 5.0;
				TARGETED_DEVICE_FAMILY = "1,2";
				TEST_TARGET_NAME = FamilyMemories;
				WRAPPER_EXTENSION = xctest;
			};
			name = Release;
		};
/* End XCBuildConfiguration section */

/* Begin XCConfigurationList section */
		000000000000000000003000 /* Build configuration list for PBXProject "FamilyMemories" */ = {
			isa = XCConfigurationList;
			buildConfigurations = (
				000000000000000000003101 /* Debug */,
				000000000000000000003102 /* Release */,
			);
			defaultConfigurationIsVisible = 0;
			defaultConfigurationName = Release;
		};
		000000000000000000003001 /* Build configuration list for PBXNativeTarget "FamilyMemories" */ = {
			isa = XCConfigurationList;
			buildConfigurations = (
				000000000000000000003103 /* Debug */,
				000000000000000000003104 /* Release */,
			);
			defaultConfigurationIsVisible = 0;
			defaultConfigurationName = Release;
		};
		000000000000000000003002 /* Build configuration list for PBXNativeTarget "FamilyMemoriesTests" */ = {
			isa = XCConfigurationList;
			buildConfigurations = (
				000000000000000000003105 /* Debug */,
				000000000000000000003106 /* Release */,
			);
			defaultConfigurationIsVisible = 0;
			defaultConfigurationName = Release;
		};
		000000000000000000003003 /* Build configuration list for PBXNativeTarget "FamilyMemoriesUITests" */ = {
			isa = XCConfigurationList;
			buildConfigurations = (
				000000000000000000003107 /* Debug */,
				000000000000000000003108 /* Release */,
			);
			defaultConfigurationIsVisible = 0;
			defaultConfigurationName = Release;
		};
/* End XCConfigurationList section */
	};
	rootObject = 000000000000000000000001 /* Project object */;
}
